// !$*UTF8*$!
{
	archiveVersion = 1;
	classes = {
	};
	objectVersion = 56;
	objects = {

/* Begin PBXBuildFile section */
		B6042DFD2983907A0092AA0E /* AppDelegate.swift in Sources */ = {isa = PBXBuildFile; fileRef = B6042DFC2983907A0092AA0E /* AppDelegate.swift */; };
		B6042DFF2983907A0092AA0E /* SceneDelegate.swift in Sources */ = {isa = PBXBuildFile; fileRef = B6042DFE2983907A0092AA0E /* SceneDelegate.swift */; };
		B6042E012983907A0092AA0E /* ViewController.swift in Sources */ = {isa = PBXBuildFile; fileRef = B6042E002983907A0092AA0E /* ViewController.swift */; };
		B6042E042983907A0092AA0E /* Main.storyboard in Resources */ = {isa = PBXBuildFile; fileRef = B6042E022983907A0092AA0E /* Main.storyboard */; };
		B6042E062983907C0092AA0E /* Assets.xcassets in Resources */ = {isa = PBXBuildFile; fileRef = B6042E052983907C0092AA0E /* Assets.xcassets */; };
		B6042E092983907C0092AA0E /* LaunchScreen.storyboard in Resources */ = {isa = PBXBuildFile; fileRef = B6042E072983907C0092AA0E /* LaunchScreen.storyboard */; };
		B6042E12298391060092AA0E /* GameTableViewCell.swift in Sources */ = {isa = PBXBuildFile; fileRef = B6042E10298391060092AA0E /* GameTableViewCell.swift */; };
		B6042E13298391060092AA0E /* GameTableViewCell.xib in Resources */ = {isa = PBXBuildFile; fileRef = B6042E11298391060092AA0E /* GameTableViewCell.xib */; };
		B6042E152983923A0092AA0E /* GameModel.swift in Sources */ = {isa = PBXBuildFile; fileRef = B6042E142983923A0092AA0E /* GameModel.swift */; };
		B6042E17298395980092AA0E /* ImageDownloader.swift in Sources */ = {isa = PBXBuildFile; fileRef = B6042E16298395980092AA0E /* ImageDownloader.swift */; };
		B6042E19298397B50092AA0E /* AboutViewController.swift in Sources */ = {isa = PBXBuildFile; fileRef = B6042E18298397B50092AA0E /* AboutViewController.swift */; };
		B6042E1B29839AE50092AA0E /* DetailViewController.swift in Sources */ = {isa = PBXBuildFile; fileRef = B6042E1A29839AE50092AA0E /* DetailViewController.swift */; };
		B6042E1D298451B10092AA0E /* NetworkService.swift in Sources */ = {isa = PBXBuildFile; fileRef = B6042E1C298451B10092AA0E /* NetworkService.swift */; };
		B6083F5729890AA900AFFF94 /* GameProvider.swift in Sources */ = {isa = PBXBuildFile; fileRef = B6083F5629890AA900AFFF94 /* GameProvider.swift */; };
		B6083F5A2989D88500AFFF94 /* GameData 2.xcdatamodeld in Sources */ = {isa = PBXBuildFile; fileRef = B6083F582989D88500AFFF94 /* GameData 2.xcdatamodeld */; };
		B6083F5E298A012E00AFFF94 /* Util.swift in Sources */ = {isa = PBXBuildFile; fileRef = B6083F5D298A012E00AFFF94 /* Util.swift */; };
		B64855102988E802007D9DC4 /* .swiftlint.yml in Resources */ = {isa = PBXBuildFile; fileRef = B648550F2988E802007D9DC4 /* .swiftlint.yml */; };
		B65C658D298792F300CBD48B /* RAWG-Info.plist in Resources */ = {isa = PBXBuildFile; fileRef = B65C658C298792F300CBD48B /* RAWG-Info.plist */; };
		B65C658F298797C100CBD48B /* FavoriteViewController.swift in Sources */ = {isa = PBXBuildFile; fileRef = B65C658E298797C100CBD48B /* FavoriteViewController.swift */; };
/* End PBXBuildFile section */

/* Begin PBXFileReference section */
		B6042DF92983907A0092AA0E /* MyGameApp.app */ = {isa = PBXFileReference; explicitFileType = wrapper.application; includeInIndex = 0; path = MyGameApp.app; sourceTree = BUILT_PRODUCTS_DIR; };
		B6042DFC2983907A0092AA0E /* AppDelegate.swift */ = {isa = PBXFileReference; lastKnownFileType = sourcecode.swift; path = AppDelegate.swift; sourceTree = "<group>"; };
		B6042DFE2983907A0092AA0E /* SceneDelegate.swift */ = {isa = PBXFileReference; lastKnownFileType = sourcecode.swift; path = SceneDelegate.swift; sourceTree = "<group>"; };
		B6042E002983907A0092AA0E /* ViewController.swift */ = {isa = PBXFileReference; lastKnownFileType = sourcecode.swift; path = ViewController.swift; sourceTree = "<group>"; };
		B6042E032983907A0092AA0E /* Base */ = {isa = PBXFileReference; lastKnownFileType = file.storyboard; name = Base; path = Base.lproj/Main.storyboard; sourceTree = "<group>"; };
		B6042E052983907C0092AA0E /* Assets.xcassets */ = {isa = PBXFileReference; lastKnownFileType = folder.assetcatalog; path = Assets.xcassets; sourceTree = "<group>"; };
		B6042E082983907C0092AA0E /* Base */ = {isa = PBXFileReference; lastKnownFileType = file.storyboard; name = Base; path = Base.lproj/LaunchScreen.storyboard; sourceTree = "<group>"; };
		B6042E0A2983907C0092AA0E /* Info.plist */ = {isa = PBXFileReference; lastKnownFileType = text.plist.xml; path = Info.plist; sourceTree = "<group>"; };
		B6042E10298391060092AA0E /* GameTableViewCell.swift */ = {isa = PBXFileReference; lastKnownFileType = sourcecode.swift; path = GameTableViewCell.swift; sourceTree = "<group>"; };
		B6042E11298391060092AA0E /* GameTableViewCell.xib */ = {isa = PBXFileReference; lastKnownFileType = file.xib; path = GameTableViewCell.xib; sourceTree = "<group>"; };
		B6042E142983923A0092AA0E /* GameModel.swift */ = {isa = PBXFileReference; lastKnownFileType = sourcecode.swift; path = GameModel.swift; sourceTree = "<group>"; };
		B6042E16298395980092AA0E /* ImageDownloader.swift */ = {isa = PBXFileReference; lastKnownFileType = sourcecode.swift; path = ImageDownloader.swift; sourceTree = "<group>"; };
		B6042E18298397B50092AA0E /* AboutViewController.swift */ = {isa = PBXFileReference; lastKnownFileType = sourcecode.swift; path = AboutViewController.swift; sourceTree = "<group>"; };
		B6042E1A29839AE50092AA0E /* DetailViewController.swift */ = {isa = PBXFileReference; lastKnownFileType = sourcecode.swift; path = DetailViewController.swift; sourceTree = "<group>"; };
		B6042E1C298451B10092AA0E /* NetworkService.swift */ = {isa = PBXFileReference; lastKnownFileType = sourcecode.swift; path = NetworkService.swift; sourceTree = "<group>"; };
		B6083F5629890AA900AFFF94 /* GameProvider.swift */ = {isa = PBXFileReference; lastKnownFileType = sourcecode.swift; path = GameProvider.swift; sourceTree = "<group>"; };
		B6083F592989D88500AFFF94 /* GameData 2.xcdatamodel */ = {isa = PBXFileReference; lastKnownFileType = wrapper.xcdatamodel; path = "GameData 2.xcdatamodel"; sourceTree = "<group>"; };
		B6083F5D298A012E00AFFF94 /* Util.swift */ = {isa = PBXFileReference; lastKnownFileType = sourcecode.swift; path = Util.swift; sourceTree = "<group>"; };
		B648550F2988E802007D9DC4 /* .swiftlint.yml */ = {isa = PBXFileReference; lastKnownFileType = text.yaml; path = .swiftlint.yml; sourceTree = "<group>"; };
		B65C658C298792F300CBD48B /* RAWG-Info.plist */ = {isa = PBXFileReference; lastKnownFileType = text.plist.xml; path = "RAWG-Info.plist"; sourceTree = "<group>"; };
		B65C658E298797C100CBD48B /* FavoriteViewController.swift */ = {isa = PBXFileReference; lastKnownFileType = sourcecode.swift; path = FavoriteViewController.swift; sourceTree = "<group>"; };
/* End PBXFileReference section */

/* Begin PBXFrameworksBuildPhase section */
		B6042DF62983907A0092AA0E /* Frameworks */ = {
			isa = PBXFrameworksBuildPhase;
			buildActionMask = 2147483647;
			files = (
			);
			runOnlyForDeploymentPostprocessing = 0;
		};
/* End PBXFrameworksBuildPhase section */

/* Begin PBXGroup section */
		B6042DF02983907A0092AA0E = {
			isa = PBXGroup;
			children = (
				B648550F2988E802007D9DC4 /* .swiftlint.yml */,
				B6042DFB2983907A0092AA0E /* MyGameApp */,
				B6042DFA2983907A0092AA0E /* Products */,
			);
			sourceTree = "<group>";
		};
		B6042DFA2983907A0092AA0E /* Products */ = {
			isa = PBXGroup;
			children = (
				B6042DF92983907A0092AA0E /* MyGameApp.app */,
			);
			name = Products;
			sourceTree = "<group>";
		};
		B6042DFB2983907A0092AA0E /* MyGameApp */ = {
			isa = PBXGroup;
			children = (
				B64855152988E949007D9DC4 /* Utils */,
				B64855112988E8D9007D9DC4 /* Base */,
				B64855122988E8EB007D9DC4 /* Controller */,
				B64855132988E90A007D9DC4 /* Model */,
				B64855142988E927007D9DC4 /* View */,
				B6042E052983907C0092AA0E /* Assets.xcassets */,
				B6042E0A2983907C0092AA0E /* Info.plist */,
				B65C658C298792F300CBD48B /* RAWG-Info.plist */,
			);
			path = MyGameApp;
			sourceTree = "<group>";
		};
		B64855112988E8D9007D9DC4 /* Base */ = {
			isa = PBXGroup;
			children = (
				B6042DFC2983907A0092AA0E /* AppDelegate.swift */,
				B6042DFE2983907A0092AA0E /* SceneDelegate.swift */,
			);
			path = Base;
			sourceTree = "<group>";
		};
		B64855122988E8EB007D9DC4 /* Controller */ = {
			isa = PBXGroup;
			children = (
				B65C658E298797C100CBD48B /* FavoriteViewController.swift */,
				B6042E002983907A0092AA0E /* ViewController.swift */,
				B6042E18298397B50092AA0E /* AboutViewController.swift */,
				B6042E1A29839AE50092AA0E /* DetailViewController.swift */,
			);
			path = Controller;
			sourceTree = "<group>";
		};
		B64855132988E90A007D9DC4 /* Model */ = {
			isa = PBXGroup;
			children = (
				B6042E142983923A0092AA0E /* GameModel.swift */,
				B6083F5629890AA900AFFF94 /* GameProvider.swift */,
				B6083F582989D88500AFFF94 /* GameData 2.xcdatamodeld */,
			);
			path = Model;
			sourceTree = "<group>";
		};
		B64855142988E927007D9DC4 /* View */ = {
			isa = PBXGroup;
			children = (
				B6042E022983907A0092AA0E /* Main.storyboard */,
				B6042E072983907C0092AA0E /* LaunchScreen.storyboard */,
				B6042E10298391060092AA0E /* GameTableViewCell.swift */,
				B6042E11298391060092AA0E /* GameTableViewCell.xib */,
			);
			path = View;
			sourceTree = "<group>";
		};
		B64855152988E949007D9DC4 /* Utils */ = {
			isa = PBXGroup;
			children = (
				B6042E16298395980092AA0E /* ImageDownloader.swift */,
				B6042E1C298451B10092AA0E /* NetworkService.swift */,
				B6083F5D298A012E00AFFF94 /* Util.swift */,
			);
			path = Utils;
			sourceTree = "<group>";
		};
/* End PBXGroup section */

/* Begin PBXNativeTarget section */
		B6042DF82983907A0092AA0E /* MyGameApp */ = {
			isa = PBXNativeTarget;
			buildConfigurationList = B6042E0D2983907C0092AA0E /* Build configuration list for PBXNativeTarget "MyGameApp" */;
			buildPhases = (
				B6042DF52983907A0092AA0E /* Sources */,
				B6042DF62983907A0092AA0E /* Frameworks */,
				B6042DF72983907A0092AA0E /* Resources */,
				B648550C2988E59A007D9DC4 /* ShellScript */,
			);
			buildRules = (
			);
			dependencies = (
			);
			name = MyGameApp;
			productName = MyGameApp;
			productReference = B6042DF92983907A0092AA0E /* MyGameApp.app */;
			productType = "com.apple.product-type.application";
		};
/* End PBXNativeTarget section */

/* Begin PBXProject section */
		B6042DF12983907A0092AA0E /* Project object */ = {
			isa = PBXProject;
			attributes = {
				BuildIndependentTargetsInParallel = 1;
				LastSwiftUpdateCheck = 1420;
				LastUpgradeCheck = 1420;
				TargetAttributes = {
					B6042DF82983907A0092AA0E = {
						CreatedOnToolsVersion = 14.2;
					};
				};
			};
			buildConfigurationList = B6042DF42983907A0092AA0E /* Build configuration list for PBXProject "MyGameApp" */;
			compatibilityVersion = "Xcode 14.0";
			developmentRegion = en;
			hasScannedForEncodings = 0;
			knownRegions = (
				en,
				Base,
			);
			mainGroup = B6042DF02983907A0092AA0E;
			productRefGroup = B6042DFA2983907A0092AA0E /* Products */;
			projectDirPath = "";
			projectRoot = "";
			targets = (
				B6042DF82983907A0092AA0E /* MyGameApp */,
			);
		};
/* End PBXProject section */

/* Begin PBXResourcesBuildPhase section */
		B6042DF72983907A0092AA0E /* Resources */ = {
			isa = PBXResourcesBuildPhase;
			buildActionMask = 2147483647;
			files = (
				B64855102988E802007D9DC4 /* .swiftlint.yml in Resources */,
				B6042E092983907C0092AA0E /* LaunchScreen.storyboard in Resources */,
				B6042E062983907C0092AA0E /* Assets.xcassets in Resources */,
				B6042E042983907A0092AA0E /* Main.storyboard in Resources */,
				B6042E13298391060092AA0E /* GameTableViewCell.xib in Resources */,
				B65C658D298792F300CBD48B /* RAWG-Info.plist in Resources */,
			);
			runOnlyForDeploymentPostprocessing = 0;
		};
/* End PBXResourcesBuildPhase section */

/* Begin PBXShellScriptBuildPhase section */
		B648550C2988E59A007D9DC4 /* ShellScript */ = {
			isa = PBXShellScriptBuildPhase;
			alwaysOutOfDate = 1;
			buildActionMask = 2147483647;
			files = (
			);
			inputFileListPaths = (
			);
			inputPaths = (
			);
			outputFileListPaths = (
			);
			outputPaths = (
			);
			runOnlyForDeploymentPostprocessing = 0;
			shellPath = /bin/sh;
			shellScript = "if which swiftlint >/dev/null; then\n  swiftlint\nelse\n  echo \"warning: SwiftLint not installed, download from https://github.com/realm/SwiftLint\"\nfi\n";
		};
/* End PBXShellScriptBuildPhase section */

/* Begin PBXSourcesBuildPhase section */
		B6042DF52983907A0092AA0E /* Sources */ = {
			isa = PBXSourcesBuildPhase;
			buildActionMask = 2147483647;
			files = (
				B6083F5A2989D88500AFFF94 /* GameData 2.xcdatamodeld in Sources */,
				B6042E152983923A0092AA0E /* GameModel.swift in Sources */,
				B6083F5729890AA900AFFF94 /* GameProvider.swift in Sources */,
				B6042E012983907A0092AA0E /* ViewController.swift in Sources */,
				B6042DFD2983907A0092AA0E /* AppDelegate.swift in Sources */,
				B6042E19298397B50092AA0E /* AboutViewController.swift in Sources */,
				B65C658F298797C100CBD48B /* FavoriteViewController.swift in Sources */,
				B6083F5E298A012E00AFFF94 /* Util.swift in Sources */,
				B6042E1D298451B10092AA0E /* NetworkService.swift in Sources */,
				B6042DFF2983907A0092AA0E /* SceneDelegate.swift in Sources */,
				B6042E17298395980092AA0E /* ImageDownloader.swift in Sources */,
				B6042E12298391060092AA0E /* GameTableViewCell.swift in Sources */,
				B6042E1B29839AE50092AA0E /* DetailViewController.swift in Sources */,
			);
			runOnlyForDeploymentPostprocessing = 0;
		};
/* End PBXSourcesBuildPhase section */

/* Begin PBXVariantGroup section */
		B6042E022983907A0092AA0E /* Main.storyboard */ = {
			isa = PBXVariantGroup;
			children = (
				B6042E032983907A0092AA0E /* Base */,
			);
			name = Main.storyboard;
			sourceTree = "<group>";
		};
		B6042E072983907C0092AA0E /* LaunchScreen.storyboard */ = {
			isa = PBXVariantGroup;
			children = (
				B6042E082983907C0092AA0E /* Base */,
			);
			name = LaunchScreen.storyboard;
			sourceTree = "<group>";
		};
/* End PBXVariantGroup section */

/* Begin XCBuildConfiguration section */
		B6042E0B2983907C0092AA0E /* Debug */ = {
			isa = XCBuildConfiguration;
			buildSettings = {
				ALWAYS_SEARCH_USER_PATHS = NO;
				CLANG_ANALYZER_NONNULL = YES;
				CLANG_ANALYZER_NUMBER_OBJECT_CONVERSION = YES_AGGRESSIVE;
				CLANG_CXX_LANGUAGE_STANDARD = "gnu++20";
				CLANG_ENABLE_MODULES = YES;
				CLANG_ENABLE_OBJC_ARC = YES;
				CLANG_ENABLE_OBJC_WEAK = YES;
				CLANG_WARN_BLOCK_CAPTURE_AUTORELEASING = YES;
				CLANG_WARN_BOOL_CONVERSION = YES;
				CLANG_WARN_COMMA = YES;
				CLANG_WARN_CONSTANT_CONVERSION = YES;
				CLANG_WARN_DEPRECATED_OBJC_IMPLEMENTATIONS = YES;
				CLANG_WARN_DIRECT_OBJC_ISA_USAGE = YES_ERROR;
				CLANG_WARN_DOCUMENTATION_COMMENTS = YES;
				CLANG_WARN_EMPTY_BODY = YES;
				CLANG_WARN_ENUM_CONVERSION = YES;
				CLANG_WARN_INFINITE_RECURSION = YES;
				CLANG_WARN_INT_CONVERSION = YES;
				CLANG_WARN_NON_LITERAL_NULL_CONVERSION = YES;
				CLANG_WARN_OBJC_IMPLICIT_RETAIN_SELF = YES;
				CLANG_WARN_OBJC_LITERAL_CONVERSION = YES;
				CLANG_WARN_OBJC_ROOT_CLASS = YES_ERROR;
				CLANG_WARN_QUOTED_INCLUDE_IN_FRAMEWORK_HEADER = YES;
				CLANG_WARN_RANGE_LOOP_ANALYSIS = YES;
				CLANG_WARN_STRICT_PROTOTYPES = YES;
				CLANG_WARN_SUSPICIOUS_MOVE = YES;
				CLANG_WARN_UNGUARDED_AVAILABILITY = YES_AGGRESSIVE;
				CLANG_WARN_UNREACHABLE_CODE = YES;
				CLANG_WARN__DUPLICATE_METHOD_MATCH = YES;
				COPY_PHASE_STRIP = NO;
				DEBUG_INFORMATION_FORMAT = dwarf;
				ENABLE_STRICT_OBJC_MSGSEND = YES;
				ENABLE_TESTABILITY = YES;
				GCC_C_LANGUAGE_STANDARD = gnu11;
				GCC_DYNAMIC_NO_PIC = NO;
				GCC_NO_COMMON_BLOCKS = YES;
				GCC_OPTIMIZATION_LEVEL = 0;
				GCC_PREPROCESSOR_DEFINITIONS = (
					"DEBUG=1",
					"$(inherited)",
				);
				GCC_WARN_64_TO_32_BIT_CONVERSION = YES;
				GCC_WARN_ABOUT_RETURN_TYPE = YES_ERROR;
				GCC_WARN_UNDECLARED_SELECTOR = YES;
				GCC_WARN_UNINITIALIZED_AUTOS = YES_AGGRESSIVE;
				GCC_WARN_UNUSED_FUNCTION = YES;
				GCC_WARN_UNUSED_VARIABLE = YES;
				IPHONEOS_DEPLOYMENT_TARGET = 16.2;
				MTL_ENABLE_DEBUG_INFO = INCLUDE_SOURCE;
				MTL_FAST_MATH = YES;
				ONLY_ACTIVE_ARCH = YES;
				SDKROOT = iphoneos;
				SWIFT_ACTIVE_COMPILATION_CONDITIONS = DEBUG;
				SWIFT_OPTIMIZATION_LEVEL = "-Onone";
			};
			name = Debug;
		};
		B6042E0C2983907C0092AA0E /* Release */ = {
			isa = XCBuildConfiguration;
			buildSettings = {
				ALWAYS_SEARCH_USER_PATHS = NO;
				CLANG_ANALYZER_NONNULL = YES;
				CLANG_ANALYZER_NUMBER_OBJECT_CONVERSION = YES_AGGRESSIVE;
				CLANG_CXX_LANGUAGE_STANDARD = "gnu++20";
				CLANG_ENABLE_MODULES = YES;
				CLANG_ENABLE_OBJC_ARC = YES;
				CLANG_ENABLE_OBJC_WEAK = YES;
				CLANG_WARN_BLOCK_CAPTURE_AUTORELEASING = YES;
				CLANG_WARN_BOOL_CONVERSION = YES;
				CLANG_WARN_COMMA = YES;
				CLANG_WARN_CONSTANT_CONVERSION = YES;
				CLANG_WARN_DEPRECATED_OBJC_IMPLEMENTATIONS = YES;
				CLANG_WARN_DIRECT_OBJC_ISA_USAGE = YES_ERROR;
				CLANG_WARN_DOCUMENTATION_COMMENTS = YES;
				CLANG_WARN_EMPTY_BODY = YES;
				CLANG_WARN_ENUM_CONVERSION = YES;
				CLANG_WARN_INFINITE_RECURSION = YES;
				CLANG_WARN_INT_CONVERSION = YES;
				CLANG_WARN_NON_LITERAL_NULL_CONVERSION = YES;
				CLANG_WARN_OBJC_IMPLICIT_RETAIN_SELF = YES;
				CLANG_WARN_OBJC_LITERAL_CONVERSION = YES;
				CLANG_WARN_OBJC_ROOT_CLASS = YES_ERROR;
				CLANG_WARN_QUOTED_INCLUDE_IN_FRAMEWORK_HEADER = YES;
				CLANG_WARN_RANGE_LOOP_ANALYSIS = YES;
				CLANG_WARN_STRICT_PROTOTYPES = YES;
				CLANG_WARN_SUSPICIOUS_MOVE = YES;
				CLANG_WARN_UNGUARDED_AVAILABILITY = YES_AGGRESSIVE;
				CLANG_WARN_UNREACHABLE_CODE = YES;
				CLANG_WARN__DUPLICATE_METHOD_MATCH = YES;
				COPY_PHASE_STRIP = NO;
				DEBUG_INFORMATION_FORMAT = "dwarf-with-dsym";
				ENABLE_NS_ASSERTIONS = NO;
				ENABLE_STRICT_OBJC_MSGSEND = YES;
				GCC_C_LANGUAGE_STANDARD = gnu11;
				GCC_NO_COMMON_BLOCKS = YES;
				GCC_WARN_64_TO_32_BIT_CONVERSION = YES;
				GCC_WARN_ABOUT_RETURN_TYPE = YES_ERROR;
				GCC_WARN_UNDECLARED_SELECTOR = YES;
				GCC_WARN_UNINITIALIZED_AUTOS = YES_AGGRESSIVE;
				GCC_WARN_UNUSED_FUNCTION = YES;
				GCC_WARN_UNUSED_VARIABLE = YES;
				IPHONEOS_DEPLOYMENT_TARGET = 16.2;
				MTL_ENABLE_DEBUG_INFO = NO;
				MTL_FAST_MATH = YES;
				SDKROOT = iphoneos;
				SWIFT_COMPILATION_MODE = wholemodule;
				SWIFT_OPTIMIZATION_LEVEL = "-O";
				VALIDATE_PRODUCT = YES;
			};
			name = Release;
		};
		B6042E0E2983907C0092AA0E /* Debug */ = {
			isa = XCBuildConfiguration;
			buildSettings = {
				ASSETCATALOG_COMPILER_APPICON_NAME = AppIcon;
				ASSETCATALOG_COMPILER_GLOBAL_ACCENT_COLOR_NAME = AccentColor;
				CODE_SIGN_STYLE = Automatic;
				CURRENT_PROJECT_VERSION = 1;
				DEVELOPMENT_TEAM = U43A7X58YW;
				GENERATE_INFOPLIST_FILE = YES;
				INFOPLIST_FILE = MyGameApp/Info.plist;
				INFOPLIST_KEY_UIApplicationSupportsIndirectInputEvents = YES;
				INFOPLIST_KEY_UILaunchStoryboardName = LaunchScreen;
				INFOPLIST_KEY_UIMainStoryboardFile = Main;
				INFOPLIST_KEY_UISupportedInterfaceOrientations_iPad = "UIInterfaceOrientationPortrait UIInterfaceOrientationPortraitUpsideDown UIInterfaceOrientationLandscapeLeft UIInterfaceOrientationLandscapeRight";
				INFOPLIST_KEY_UISupportedInterfaceOrientations_iPhone = "UIInterfaceOrientationPortrait UIInterfaceOrientationLandscapeLeft UIInterfaceOrientationLandscapeRight";
				LD_RUNPATH_SEARCH_PATHS = (
					"$(inherited)",
					"@executable_path/Frameworks",
				);
				MARKETING_VERSION = 1.0;
				PRODUCT_BUNDLE_IDENTIFIER = com.gregoriusyuristama.MyGameApp;
				PRODUCT_NAME = "$(TARGET_NAME)";
				SWIFT_EMIT_LOC_STRINGS = YES;
				SWIFT_VERSION = 5.0;
				TARGETED_DEVICE_FAMILY = "1,2";
			};
			name = Debug;
		};
		B6042E0F2983907C0092AA0E /* Release */ = {
			isa = XCBuildConfiguration;
			buildSettings = {
				ASSETCATALOG_COMPILER_APPICON_NAME = AppIcon;
				ASSETCATALOG_COMPILER_GLOBAL_ACCENT_COLOR_NAME = AccentColor;
				CODE_SIGN_STYLE = Automatic;
				CURRENT_PROJECT_VERSION = 1;
				DEVELOPMENT_TEAM = U43A7X58YW;
				GENERATE_INFOPLIST_FILE = YES;
				INFOPLIST_FILE = MyGameApp/Info.plist;
				INFOPLIST_KEY_UIApplicationSupportsIndirectInputEvents = YES;
				INFOPLIST_KEY_UILaunchStoryboardName = LaunchScreen;
				INFOPLIST_KEY_UIMainStoryboardFile = Main;
				INFOPLIST_KEY_UISupportedInterfaceOrientations_iPad = "UIInterfaceOrientationPortrait UIInterfaceOrientationPortraitUpsideDown UIInterfaceOrientationLandscapeLeft UIInterfaceOrientationLandscapeRight";
				INFOPLIST_KEY_UISupportedInterfaceOrientations_iPhone = "UIInterfaceOrientationPortrait UIInterfaceOrientationLandscapeLeft UIInterfaceOrientationLandscapeRight";
				LD_RUNPATH_SEARCH_PATHS = (
					"$(inherited)",
					"@executable_path/Frameworks",
				);
				MARKETING_VERSION = 1.0;
				PRODUCT_BUNDLE_IDENTIFIER = com.gregoriusyuristama.MyGameApp;
				PRODUCT_NAME = "$(TARGET_NAME)";
				SWIFT_EMIT_LOC_STRINGS = YES;
				SWIFT_VERSION = 5.0;
				TARGETED_DEVICE_FAMILY = "1,2";
			};
			name = Release;
		};
/* End XCBuildConfiguration section */

/* Begin XCConfigurationList section */
		B6042DF42983907A0092AA0E /* Build configuration list for PBXProject "MyGameApp" */ = {
			isa = XCConfigurationList;
			buildConfigurations = (
				B6042E0B2983907C0092AA0E /* Debug */,
				B6042E0C2983907C0092AA0E /* Release */,
			);
			defaultConfigurationIsVisible = 0;
			defaultConfigurationName = Release;
		};
		B6042E0D2983907C0092AA0E /* Build configuration list for PBXNativeTarget "MyGameApp" */ = {
			isa = XCConfigurationList;
			buildConfigurations = (
				B6042E0E2983907C0092AA0E /* Debug */,
				B6042E0F2983907C0092AA0E /* Release */,
			);
			defaultConfigurationIsVisible = 0;
			defaultConfigurationName = Release;
		};
/* End XCConfigurationList section */

/* Begin XCVersionGroup section */
		B6083F582989D88500AFFF94 /* GameData 2.xcdatamodeld */ = {
			isa = XCVersionGroup;
			children = (
				B6083F592989D88500AFFF94 /* GameData 2.xcdatamodel */,
			);
			currentVersion = B6083F592989D88500AFFF94 /* GameData 2.xcdatamodel */;
			path = "GameData 2.xcdatamodeld";
			sourceTree = "<group>";
			versionGroupType = wrapper.xcdatamodel;
		};
/* End XCVersionGroup section */
	};
	rootObject = B6042DF12983907A0092AA0E /* Project object */;
}
